// !$*UTF8*$!
{
	archiveVersion = 1;
	classes = {
	};
	objectVersion = 50;
	objects = {

/* Begin PBXBuildFile section */
		E17B72732667A55B009DA61B /* AppleMusicSwiftUIApp.swift in Sources */ = {isa = PBXBuildFile; fileRef = E17B72722667A55B009DA61B /* AppleMusicSwiftUIApp.swift */; };
		E17B72752667A55B009DA61B /* LibraryView.swift in Sources */ = {isa = PBXBuildFile; fileRef = E17B72742667A55B009DA61B /* LibraryView.swift */; };
		E17B72772667A55C009DA61B /* Assets.xcassets in Resources */ = {isa = PBXBuildFile; fileRef = E17B72762667A55C009DA61B /* Assets.xcassets */; };
		E17B727A2667A55C009DA61B /* Preview Assets.xcassets in Resources */ = {isa = PBXBuildFile; fileRef = E17B72792667A55C009DA61B /* Preview Assets.xcassets */; };
		E1827AA22678BC1F006C538E /* RadioCategory.swift in Sources */ = {isa = PBXBuildFile; fileRef = E1827AA12678BC1F006C538E /* RadioCategory.swift */; };
		E1827AA42678BEA1006C538E /* StationModel.swift in Sources */ = {isa = PBXBuildFile; fileRef = E1827AA32678BEA1006C538E /* StationModel.swift */; };
		E1827AA62678C451006C538E /* RadioStationCategory.swift in Sources */ = {isa = PBXBuildFile; fileRef = E1827AA52678C451006C538E /* RadioStationCategory.swift */; };
		E1827AA82678C925006C538E /* RadioView.swift in Sources */ = {isa = PBXBuildFile; fileRef = E1827AA72678C925006C538E /* RadioView.swift */; };
		E1F74C8D266A9DAA00C7435A /* LibraryCategory.swift in Sources */ = {isa = PBXBuildFile; fileRef = E1F74C8C266A9DAA00C7435A /* LibraryCategory.swift */; };
		E1F74C8F266AADA600C7435A /* LibraryDescription.swift in Sources */ = {isa = PBXBuildFile; fileRef = E1F74C8E266AADA600C7435A /* LibraryDescription.swift */; };
/* End PBXBuildFile section */

/* Begin PBXFileReference section */
		E17B726F2667A55B009DA61B /* AppleMusicSwiftUI.app */ = {isa = PBXFileReference; explicitFileType = wrapper.application; includeInIndex = 0; path = AppleMusicSwiftUI.app; sourceTree = BUILT_PRODUCTS_DIR; };
		E17B72722667A55B009DA61B /* AppleMusicSwiftUIApp.swift */ = {isa = PBXFileReference; lastKnownFileType = sourcecode.swift; path = AppleMusicSwiftUIApp.swift; sourceTree = "<group>"; };
		E17B72742667A55B009DA61B /* LibraryView.swift */ = {isa = PBXFileReference; lastKnownFileType = sourcecode.swift; path = LibraryView.swift; sourceTree = "<group>"; };
		E17B72762667A55C009DA61B /* Assets.xcassets */ = {isa = PBXFileReference; lastKnownFileType = folder.assetcatalog; path = Assets.xcassets; sourceTree = "<group>"; };
		E17B72792667A55C009DA61B /* Preview Assets.xcassets */ = {isa = PBXFileReference; lastKnownFileType = folder.assetcatalog; path = "Preview Assets.xcassets"; sourceTree = "<group>"; };
		E17B727B2667A55C009DA61B /* Info.plist */ = {isa = PBXFileReference; lastKnownFileType = text.plist.xml; path = Info.plist; sourceTree = "<group>"; };
		E1827AA12678BC1F006C538E /* RadioCategory.swift */ = {isa = PBXFileReference; lastKnownFileType = sourcecode.swift; path = RadioCategory.swift; sourceTree = "<group>"; };
		E1827AA32678BEA1006C538E /* StationModel.swift */ = {isa = PBXFileReference; lastKnownFileType = sourcecode.swift; path = StationModel.swift; sourceTree = "<group>"; };
		E1827AA52678C451006C538E /* RadioStationCategory.swift */ = {isa = PBXFileReference; lastKnownFileType = sourcecode.swift; path = RadioStationCategory.swift; sourceTree = "<group>"; };
		E1827AA72678C925006C538E /* RadioView.swift */ = {isa = PBXFileReference; lastKnownFileType = sourcecode.swift; path = RadioView.swift; sourceTree = "<group>"; };
		E1F74C8C266A9DAA00C7435A /* LibraryCategory.swift */ = {isa = PBXFileReference; lastKnownFileType = sourcecode.swift; path = LibraryCategory.swift; sourceTree = "<group>"; };
		E1F74C8E266AADA600C7435A /* LibraryDescription.swift */ = {isa = PBXFileReference; lastKnownFileType = sourcecode.swift; path = LibraryDescription.swift; sourceTree = "<group>"; };
/* End PBXFileReference section */

/* Begin PBXFrameworksBuildPhase section */
		E17B726C2667A55B009DA61B /* Frameworks */ = {
			isa = PBXFrameworksBuildPhase;
			buildActionMask = 2147483647;
			files = (
			);
			runOnlyForDeploymentPostprocessing = 0;
		};
/* End PBXFrameworksBuildPhase section */

/* Begin PBXGroup section */
		E17B72662667A55B009DA61B = {
			isa = PBXGroup;
			children = (
				E17B72712667A55B009DA61B /* AppleMusicSwiftUI */,
				E17B72702667A55B009DA61B /* Products */,
			);
			sourceTree = "<group>";
		};
		E17B72702667A55B009DA61B /* Products */ = {
			isa = PBXGroup;
			children = (
				E17B726F2667A55B009DA61B /* AppleMusicSwiftUI.app */,
			);
			name = Products;
			sourceTree = "<group>";
		};
		E17B72712667A55B009DA61B /* AppleMusicSwiftUI */ = {
			isa = PBXGroup;
			children = (
				E1F74C89266A203000C7435A /* Modules */,
				E1F74C88266A202100C7435A /* App */,
				E1F74C87266A200D00C7435A /* Resources */,
				E17B72782667A55C009DA61B /* Preview Content */,
			);
			path = AppleMusicSwiftUI;
			sourceTree = "<group>";
		};
		E17B72782667A55C009DA61B /* Preview Content */ = {
			isa = PBXGroup;
			children = (
				E17B72792667A55C009DA61B /* Preview Assets.xcassets */,
			);
			path = "Preview Content";
			sourceTree = "<group>";
		};
		E1827AA02678BBB8006C538E /* Radio */ = {
			isa = PBXGroup;
			children = (
				E1827AA32678BEA1006C538E /* StationModel.swift */,
				E1827AA52678C451006C538E /* RadioStationCategory.swift */,
				E1827AA12678BC1F006C538E /* RadioCategory.swift */,
				E1827AA72678C925006C538E /* RadioView.swift */,
			);
			path = Radio;
			sourceTree = "<group>";
		};
		E1F74C87266A200D00C7435A /* Resources */ = {
			isa = PBXGroup;
			children = (
				E17B72762667A55C009DA61B /* Assets.xcassets */,
				E1F74C8A266A204800C7435A /* Configs */,
			);
			path = Resources;
			sourceTree = "<group>";
		};
		E1F74C88266A202100C7435A /* App */ = {
			isa = PBXGroup;
			children = (
				E17B72722667A55B009DA61B /* AppleMusicSwiftUIApp.swift */,
			);
			path = App;
			sourceTree = "<group>";
		};
		E1F74C89266A203000C7435A /* Modules */ = {
			isa = PBXGroup;
			children = (
				E1F74C8B266A20E400C7435A /* Library */,
				E1827AA02678BBB8006C538E /* Radio */,
			);
			path = Modules;
			sourceTree = "<group>";
		};
		E1F74C8A266A204800C7435A /* Configs */ = {
			isa = PBXGroup;
			children = (
				E17B727B2667A55C009DA61B /* Info.plist */,
			);
			path = Configs;
			sourceTree = "<group>";
		};
		E1F74C8B266A20E400C7435A /* Library */ = {
			isa = PBXGroup;
			children = (
				E17B72742667A55B009DA61B /* LibraryView.swift */,
				E1F74C8C266A9DAA00C7435A /* LibraryCategory.swift */,
				E1F74C8E266AADA600C7435A /* LibraryDescription.swift */,
			);
			path = Library;
			sourceTree = "<group>";
		};
/* End PBXGroup section */

/* Begin PBXNativeTarget section */
		E17B726E2667A55B009DA61B /* AppleMusicSwiftUI */ = {
			isa = PBXNativeTarget;
			buildConfigurationList = E17B727E2667A55C009DA61B /* Build configuration list for PBXNativeTarget "AppleMusicSwiftUI" */;
			buildPhases = (
				E17B726B2667A55B009DA61B /* Sources */,
				E17B726C2667A55B009DA61B /* Frameworks */,
				E17B726D2667A55B009DA61B /* Resources */,
			);
			buildRules = (
			);
			dependencies = (
			);
			name = AppleMusicSwiftUI;
			productName = AppleMusicSwiftUI;
			productReference = E17B726F2667A55B009DA61B /* AppleMusicSwiftUI.app */;
			productType = "com.apple.product-type.application";
		};
/* End PBXNativeTarget section */

/* Begin PBXProject section */
		E17B72672667A55B009DA61B /* Project object */ = {
			isa = PBXProject;
			attributes = {
				LastSwiftUpdateCheck = 1250;
				LastUpgradeCheck = 1250;
				TargetAttributes = {
					E17B726E2667A55B009DA61B = {
						CreatedOnToolsVersion = 12.5;
					};
				};
			};
			buildConfigurationList = E17B726A2667A55B009DA61B /* Build configuration list for PBXProject "AppleMusicSwiftUI" */;
			compatibilityVersion = "Xcode 9.3";
			developmentRegion = en;
			hasScannedForEncodings = 0;
			knownRegions = (
				en,
				Base,
			);
			mainGroup = E17B72662667A55B009DA61B;
			productRefGroup = E17B72702667A55B009DA61B /* Products */;
			projectDirPath = "";
			projectRoot = "";
			targets = (
				E17B726E2667A55B009DA61B /* AppleMusicSwiftUI */,
			);
		};
/* End PBXProject section */

/* Begin PBXResourcesBuildPhase section */
		E17B726D2667A55B009DA61B /* Resources */ = {
			isa = PBXResourcesBuildPhase;
			buildActionMask = 2147483647;
			files = (
				E17B727A2667A55C009DA61B /* Preview Assets.xcassets in Resources */,
				E17B72772667A55C009DA61B /* Assets.xcassets in Resources */,
			);
			runOnlyForDeploymentPostprocessing = 0;
		};
/* End PBXResourcesBuildPhase section */

/* Begin PBXSourcesBuildPhase section */
		E17B726B2667A55B009DA61B /* Sources */ = {
			isa = PBXSourcesBuildPhase;
			buildActionMask = 2147483647;
			files = (
				E1827AA22678BC1F006C538E /* RadioCategory.swift in Sources */,
				E1F74C8F266AADA600C7435A /* LibraryDescription.swift in Sources */,
				E1F74C8D266A9DAA00C7435A /* LibraryCategory.swift in Sources */,
				E17B72752667A55B009DA61B /* LibraryView.swift in Sources */,
				E1827AA82678C925006C538E /* RadioView.swift in Sources */,
				E1827AA62678C451006C538E /* RadioStationCategory.swift in Sources */,
				E1827AA42678BEA1006C538E /* StationModel.swift in Sources */,
				E17B72732667A55B009DA61B /* AppleMusicSwiftUIApp.swift in Sources */,
			);
			runOnlyForDeploymentPostprocessing = 0;
		};
/* End PBXSourcesBuildPhase section */

/* Begin XCBuildConfiguration section */
		E17B727C2667A55C009DA61B /* Debug */ = {
			isa = XCBuildConfiguration;
			buildSettings = {
				ALWAYS_SEARCH_USER_PATHS = NO;
				CLANG_ANALYZER_NONNULL = YES;
				CLANG_ANALYZER_NUMBER_OBJECT_CONVERSION = YES_AGGRESSIVE;
				CLANG_CXX_LANGUAGE_STANDARD = "gnu++14";
				CLANG_CXX_LIBRARY = "libc++";
				CLANG_ENABLE_MODULES = YES;
				CLANG_ENABLE_OBJC_ARC = YES;
				CLANG_ENABLE_OBJC_WEAK = YES;
				CLANG_WARN_BLOCK_CAPTURE_AUTORELEASING = YES;
				CLANG_WARN_BOOL_CONVERSION = YES;
				CLANG_WARN_COMMA = YES;
				CLANG_WARN_CONSTANT_CONVERSION = YES;
				CLANG_WARN_DEPRECATED_OBJC_IMPLEMENTATIONS = YES;
				CLANG_WARN_DIRECT_OBJC_ISA_USAGE = YES_ERROR;
				CLANG_WARN_DOCUMENTATION_COMMENTS = YES;
				CLANG_WARN_EMPTY_BODY = YES;
				CLANG_WARN_ENUM_CONVERSION = YES;
				CLANG_WARN_INFINITE_RECURSION = YES;
				CLANG_WARN_INT_CONVERSION = YES;
				CLANG_WARN_NON_LITERAL_NULL_CONVERSION = YES;
				CLANG_WARN_OBJC_IMPLICIT_RETAIN_SELF = YES;
				CLANG_WARN_OBJC_LITERAL_CONVERSION = YES;
				CLANG_WARN_OBJC_ROOT_CLASS = YES_ERROR;
				CLANG_WARN_QUOTED_INCLUDE_IN_FRAMEWORK_HEADER = YES;
				CLANG_WARN_RANGE_LOOP_ANALYSIS = YES;
				CLANG_WARN_STRICT_PROTOTYPES = YES;
				CLANG_WARN_SUSPICIOUS_MOVE = YES;
				CLANG_WARN_UNGUARDED_AVAILABILITY = YES_AGGRESSIVE;
				CLANG_WARN_UNREACHABLE_CODE = YES;
				CLANG_WARN__DUPLICATE_METHOD_MATCH = YES;
				COPY_PHASE_STRIP = NO;
				DEBUG_INFORMATION_FORMAT = dwarf;
				ENABLE_STRICT_OBJC_MSGSEND = YES;
				ENABLE_TESTABILITY = YES;
				GCC_C_LANGUAGE_STANDARD = gnu11;
				GCC_DYNAMIC_NO_PIC = NO;
				GCC_NO_COMMON_BLOCKS = YES;
				GCC_OPTIMIZATION_LEVEL = 0;
				GCC_PREPROCESSOR_DEFINITIONS = (
					"DEBUG=1",
					"$(inherited)",
				);
				GCC_WARN_64_TO_32_BIT_CONVERSION = YES;
				GCC_WARN_ABOUT_RETURN_TYPE = YES_ERROR;
				GCC_WARN_UNDECLARED_SELECTOR = YES;
				GCC_WARN_UNINITIALIZED_AUTOS = YES_AGGRESSIVE;
				GCC_WARN_UNUSED_FUNCTION = YES;
				GCC_WARN_UNUSED_VARIABLE = YES;
				IPHONEOS_DEPLOYMENT_TARGET = 14.5;
				MTL_ENABLE_DEBUG_INFO = INCLUDE_SOURCE;
				MTL_FAST_MATH = YES;
				ONLY_ACTIVE_ARCH = YES;
				SDKROOT = iphoneos;
				SWIFT_ACTIVE_COMPILATION_CONDITIONS = DEBUG;
				SWIFT_OPTIMIZATION_LEVEL = "-Onone";
			};
			name = Debug;
		};
		E17B727D2667A55C009DA61B /* Release */ = {
			isa = XCBuildConfiguration;
			buildSettings = {
				ALWAYS_SEARCH_USER_PATHS = NO;
				CLANG_ANALYZER_NONNULL = YES;
				CLANG_ANALYZER_NUMBER_OBJECT_CONVERSION = YES_AGGRESSIVE;
				CLANG_CXX_LANGUAGE_STANDARD = "gnu++14";
				CLANG_CXX_LIBRARY = "libc++";
				CLANG_ENABLE_MODULES = YES;
				CLANG_ENABLE_OBJC_ARC = YES;
				CLANG_ENABLE_OBJC_WEAK = YES;
				CLANG_WARN_BLOCK_CAPTURE_AUTORELEASING = YES;
				CLANG_WARN_BOOL_CONVERSION = YES;
				CLANG_WARN_COMMA = YES;
				CLANG_WARN_CONSTANT_CONVERSION = YES;
				CLANG_WARN_DEPRECATED_OBJC_IMPLEMENTATIONS = YES;
				CLANG_WARN_DIRECT_OBJC_ISA_USAGE = YES_ERROR;
				CLANG_WARN_DOCUMENTATION_COMMENTS = YES;
				CLANG_WARN_EMPTY_BODY = YES;
				CLANG_WARN_ENUM_CONVERSION = YES;
				CLANG_WARN_INFINITE_RECURSION = YES;
				CLANG_WARN_INT_CONVERSION = YES;
				CLANG_WARN_NON_LITERAL_NULL_CONVERSION = YES;
				CLANG_WARN_OBJC_IMPLICIT_RETAIN_SELF = YES;
				CLANG_WARN_OBJC_LITERAL_CONVERSION = YES;
				CLANG_WARN_OBJC_ROOT_CLASS = YES_ERROR;
				CLANG_WARN_QUOTED_INCLUDE_IN_FRAMEWORK_HEADER = YES;
				CLANG_WARN_RANGE_LOOP_ANALYSIS = YES;
				CLANG_WARN_STRICT_PROTOTYPES = YES;
				CLANG_WARN_SUSPICIOUS_MOVE = YES;
				CLANG_WARN_UNGUARDED_AVAILABILITY = YES_AGGRESSIVE;
				CLANG_WARN_UNREACHABLE_CODE = YES;
				CLANG_WARN__DUPLICATE_METHOD_MATCH = YES;
				COPY_PHASE_STRIP = NO;
				DEBUG_INFORMATION_FORMAT = "dwarf-with-dsym";
				ENABLE_NS_ASSERTIONS = NO;
				ENABLE_STRICT_OBJC_MSGSEND = YES;
				GCC_C_LANGUAGE_STANDARD = gnu11;
				GCC_NO_COMMON_BLOCKS = YES;
				GCC_WARN_64_TO_32_BIT_CONVERSION = YES;
				GCC_WARN_ABOUT_RETURN_TYPE = YES_ERROR;
				GCC_WARN_UNDECLARED_SELECTOR = YES;
				GCC_WARN_UNINITIALIZED_AUTOS = YES_AGGRESSIVE;
				GCC_WARN_UNUSED_FUNCTION = YES;
				GCC_WARN_UNUSED_VARIABLE = YES;
				IPHONEOS_DEPLOYMENT_TARGET = 14.5;
				MTL_ENABLE_DEBUG_INFO = NO;
				MTL_FAST_MATH = YES;
				SDKROOT = iphoneos;
				SWIFT_COMPILATION_MODE = wholemodule;
				SWIFT_OPTIMIZATION_LEVEL = "-O";
				VALIDATE_PRODUCT = YES;
			};
			name = Release;
		};
		E17B727F2667A55C009DA61B /* Debug */ = {
			isa = XCBuildConfiguration;
			buildSettings = {
				ASSETCATALOG_COMPILER_APPICON_NAME = AppIcon;
				ASSETCATALOG_COMPILER_GLOBAL_ACCENT_COLOR_NAME = AccentColor;
				CODE_SIGN_STYLE = Automatic;
				DEVELOPMENT_ASSET_PATHS = "\"AppleMusicSwiftUI/Preview Content\"";
				DEVELOPMENT_TEAM = 5K285D3RL3;
				ENABLE_PREVIEWS = YES;
				INFOPLIST_FILE = AppleMusicSwiftUI/Resources/Configs/Info.plist;
				IPHONEOS_DEPLOYMENT_TARGET = 14.0;
				LD_RUNPATH_SEARCH_PATHS = (
					"$(inherited)",
					"@executable_path/Frameworks",
				);
				PRODUCT_BUNDLE_IDENTIFIER = com.johnkostanov.AppleMusicSwiftUI;
				PRODUCT_NAME = "$(TARGET_NAME)";
				SWIFT_VERSION = 5.0;
				TARGETED_DEVICE_FAMILY = "1,2";
			};
			name = Debug;
		};
		E17B72802667A55C009DA61B /* Release */ = {
			isa = XCBuildConfiguration;
			buildSettings = {
				ASSETCATALOG_COMPILER_APPICON_NAME = AppIcon;
				ASSETCATALOG_COMPILER_GLOBAL_ACCENT_COLOR_NAME = AccentColor;
				CODE_SIGN_STYLE = Automatic;
				DEVELOPMENT_ASSET_PATHS = "\"AppleMusicSwiftUI/Preview Content\"";
				DEVELOPMENT_TEAM = 5K285D3RL3;
				ENABLE_PREVIEWS = YES;
				INFOPLIST_FILE = AppleMusicSwiftUI/Resources/Configs/Info.plist;
				IPHONEOS_DEPLOYMENT_TARGET = 14.0;
				LD_RUNPATH_SEARCH_PATHS = (
					"$(inherited)",
					"@executable_path/Frameworks",
				);
				PRODUCT_BUNDLE_IDENTIFIER = com.johnkostanov.AppleMusicSwiftUI;
				PRODUCT_NAME = "$(TARGET_NAME)";
				SWIFT_VERSION = 5.0;
				TARGETED_DEVICE_FAMILY = "1,2";
			};
			name = Release;
		};
/* End XCBuildConfiguration section */

/* Begin XCConfigurationList section */
		E17B726A2667A55B009DA61B /* Build configuration list for PBXProject "AppleMusicSwiftUI" */ = {
			isa = XCConfigurationList;
			buildConfigurations = (
				E17B727C2667A55C009DA61B /* Debug */,
				E17B727D2667A55C009DA61B /* Release */,
			);
			defaultConfigurationIsVisible = 0;
			defaultConfigurationName = Release;
		};
		E17B727E2667A55C009DA61B /* Build configuration list for PBXNativeTarget "AppleMusicSwiftUI" */ = {
			isa = XCConfigurationList;
			buildConfigurations = (
				E17B727F2667A55C009DA61B /* Debug */,
				E17B72802667A55C009DA61B /* Release */,
			);
			defaultConfigurationIsVisible = 0;
			defaultConfigurationName = Release;
		};
/* End XCConfigurationList section */
	};
	rootObject = E17B72672667A55B009DA61B /* Project object */;
}
